// !$*UTF8*$!
{
	archiveVersion = 1;
	classes = {
	};
	objectVersion = 48;
	objects = {

/* Begin PBXBuildFile section */
		EC1C510820560FF50033237E /* OptionalOBJ.swift in Sources */ = {isa = PBXBuildFile; fileRef = EC1C510720560FF50033237E /* OptionalOBJ.swift */; };
		EC1C510A205614E70033237E /* Guard.swift in Sources */ = {isa = PBXBuildFile; fileRef = EC1C5109205614E70033237E /* Guard.swift */; };
		EC1C510C20561EC00033237E /* Loop.swift in Sources */ = {isa = PBXBuildFile; fileRef = EC1C510B20561EC00033237E /* Loop.swift */; };
		EC1C510E205621730033237E /* ArrayOBJ.swift in Sources */ = {isa = PBXBuildFile; fileRef = EC1C510D205621730033237E /* ArrayOBJ.swift */; };
		EC1C5110205623020033237E /* DicOBJ.swift in Sources */ = {isa = PBXBuildFile; fileRef = EC1C510F205623020033237E /* DicOBJ.swift */; };
		EC1C5112205626600033237E /* SetOBJ.swift in Sources */ = {isa = PBXBuildFile; fileRef = EC1C5111205626600033237E /* SetOBJ.swift */; };
		EC1C511420562EEB0033237E /* FuncOBJ.swift in Sources */ = {isa = PBXBuildFile; fileRef = EC1C511320562EEB0033237E /* FuncOBJ.swift */; };
		EC33990920A3D5950038360A /* libhiredis.a in Frameworks */ = {isa = PBXBuildFile; fileRef = EC33990420A3D5940038360A /* libhiredis.a */; };
		EC33990E20A409E80038360A /* hiredis_bridge.c in Sources */ = {isa = PBXBuildFile; fileRef = EC33990C20A409E80038360A /* hiredis_bridge.c */; };
		EC5CCC7220523C9E00AFBD98 /* main.swift in Sources */ = {isa = PBXBuildFile; fileRef = EC5CCC7120523C9E00AFBD98 /* main.swift */; };
		EC5CCC7920523CD200AFBD98 /* Test.swift in Sources */ = {isa = PBXBuildFile; fileRef = EC5CCC7820523CD200AFBD98 /* Test.swift */; };
		EC5CCC7B20523E4600AFBD98 /* Person.swift in Sources */ = {isa = PBXBuildFile; fileRef = EC5CCC7A20523E4600AFBD98 /* Person.swift */; };
		EC6E1EA820A9684E0061D0DC /* Redis_Handler.swift in Sources */ = {isa = PBXBuildFile; fileRef = EC6E1EA720A9684E0061D0DC /* Redis_Handler.swift */; };
		EC6E1EAA20A968750061D0DC /* Basic_SWF.swift in Sources */ = {isa = PBXBuildFile; fileRef = EC6E1EA920A968750061D0DC /* Basic_SWF.swift */; };
		EC6E1EAC20A969DD0061D0DC /* RunLoop_SWF.swift in Sources */ = {isa = PBXBuildFile; fileRef = EC6E1EAB20A969DD0061D0DC /* RunLoop_SWF.swift */; };
		EC6E1EAE20A96A130061D0DC /* CPointer_SWF.swift in Sources */ = {isa = PBXBuildFile; fileRef = EC6E1EAD20A96A130061D0DC /* CPointer_SWF.swift */; };
		EC6E1EB020A96B850061D0DC /* FanXing_SWF.swift in Sources */ = {isa = PBXBuildFile; fileRef = EC6E1EAF20A96B850061D0DC /* FanXing_SWF.swift */; };
		EC84B08920A59CCB0047C118 /* Bytes.swift in Sources */ = {isa = PBXBuildFile; fileRef = EC84B06C20A59CCB0047C118 /* Bytes.swift */; };
		EC84B08A20A59CCB0047C118 /* Dir.swift in Sources */ = {isa = PBXBuildFile; fileRef = EC84B06D20A59CCB0047C118 /* Dir.swift */; };
		EC84B08B20A59CCB0047C118 /* File.swift in Sources */ = {isa = PBXBuildFile; fileRef = EC84B06E20A59CCB0047C118 /* File.swift */; };
		EC84B08C20A59CCB0047C118 /* JSONConvertible.swift in Sources */ = {isa = PBXBuildFile; fileRef = EC84B06F20A59CCB0047C118 /* JSONConvertible.swift */; };
		EC84B08D20A59CCB0047C118 /* Log.swift in Sources */ = {isa = PBXBuildFile; fileRef = EC84B07020A59CCB0047C118 /* Log.swift */; };
		EC84B08E20A59CCB0047C118 /* PerfectError.swift in Sources */ = {isa = PBXBuildFile; fileRef = EC84B07120A59CCB0047C118 /* PerfectError.swift */; };
		EC84B08F20A59CCB0047C118 /* PerfectServer.swift in Sources */ = {isa = PBXBuildFile; fileRef = EC84B07220A59CCB0047C118 /* PerfectServer.swift */; };
		EC84B09020A59CCB0047C118 /* SysProcess.swift in Sources */ = {isa = PBXBuildFile; fileRef = EC84B07320A59CCB0047C118 /* SysProcess.swift */; };
		EC84B09120A59CCB0047C118 /* Utilities.swift in Sources */ = {isa = PBXBuildFile; fileRef = EC84B07420A59CCB0047C118 /* Utilities.swift */; };
		EC84B09220A59CCB0047C118 /* Net.swift in Sources */ = {isa = PBXBuildFile; fileRef = EC84B07620A59CCB0047C118 /* Net.swift */; };
		EC84B09320A59CCB0047C118 /* NetAddress.swift in Sources */ = {isa = PBXBuildFile; fileRef = EC84B07720A59CCB0047C118 /* NetAddress.swift */; };
		EC84B09420A59CCB0047C118 /* NetEvent.swift in Sources */ = {isa = PBXBuildFile; fileRef = EC84B07820A59CCB0047C118 /* NetEvent.swift */; };
		EC84B09520A59CCB0047C118 /* NetNamedPipe.swift in Sources */ = {isa = PBXBuildFile; fileRef = EC84B07920A59CCB0047C118 /* NetNamedPipe.swift */; };
		EC84B09620A59CCB0047C118 /* NetTCP.swift in Sources */ = {isa = PBXBuildFile; fileRef = EC84B07A20A59CCB0047C118 /* NetTCP.swift */; };
		EC84B09820A59CCB0047C118 /* NetUDP.swift in Sources */ = {isa = PBXBuildFile; fileRef = EC84B07C20A59CCB0047C118 /* NetUDP.swift */; };
		EC84B0A020A59CCB0047C118 /* Promise.swift in Sources */ = {isa = PBXBuildFile; fileRef = EC84B08620A59CCB0047C118 /* Promise.swift */; };
		EC84B0A120A59CCB0047C118 /* Threading.swift in Sources */ = {isa = PBXBuildFile; fileRef = EC84B08720A59CCB0047C118 /* Threading.swift */; };
		EC84B0A220A59CCB0047C118 /* ThreadQueue.swift in Sources */ = {isa = PBXBuildFile; fileRef = EC84B08820A59CCB0047C118 /* ThreadQueue.swift */; };
		ECF3B6BD20A2B34E00DB7571 /* POBJ.swift in Sources */ = {isa = PBXBuildFile; fileRef = ECF3B6BC20A2B34E00DB7571 /* POBJ.swift */; };
		ECF3B6C120A2C31D00DB7571 /* CFramWork.c in Sources */ = {isa = PBXBuildFile; fileRef = ECF3B6BF20A2C31D00DB7571 /* CFramWork.c */; };
		ECF3B6C420A2C34700DB7571 /* OCFramWork.m in Sources */ = {isa = PBXBuildFile; fileRef = ECF3B6C320A2C34700DB7571 /* OCFramWork.m */; };
		ECF3B6C620A2D4F200DB7571 /* CopyArrayVSDictionary.swift in Sources */ = {isa = PBXBuildFile; fileRef = ECF3B6C520A2D4F200DB7571 /* CopyArrayVSDictionary.swift */; };
		ECF3B6C820A2E1F700DB7571 /* Container.swift in Sources */ = {isa = PBXBuildFile; fileRef = ECF3B6C720A2E1F700DB7571 /* Container.swift */; };
		ECF3B6CA20A2E37900DB7571 /* IntStack.swift in Sources */ = {isa = PBXBuildFile; fileRef = ECF3B6C920A2E37900DB7571 /* IntStack.swift */; };
		ECF3B6CC20A2E59500DB7571 /* Stack.swift in Sources */ = {isa = PBXBuildFile; fileRef = ECF3B6CB20A2E59500DB7571 /* Stack.swift */; };
/* End PBXBuildFile section */

/* Begin PBXCopyFilesBuildPhase section */
		EC5CCC6C20523C9E00AFBD98 /* CopyFiles */ = {
			isa = PBXCopyFilesBuildPhase;
			buildActionMask = 2147483647;
			dstPath = /usr/share/man/man1/;
			dstSubfolderSpec = 0;
			files = (
			);
			runOnlyForDeploymentPostprocessing = 1;
		};
/* End PBXCopyFilesBuildPhase section */

/* Begin PBXFileReference section */
		EC1C510720560FF50033237E /* OptionalOBJ.swift */ = {isa = PBXFileReference; lastKnownFileType = sourcecode.swift; path = OptionalOBJ.swift; sourceTree = "<group>"; };
		EC1C5109205614E70033237E /* Guard.swift */ = {isa = PBXFileReference; lastKnownFileType = sourcecode.swift; path = Guard.swift; sourceTree = "<group>"; };
		EC1C510B20561EC00033237E /* Loop.swift */ = {isa = PBXFileReference; lastKnownFileType = sourcecode.swift; path = Loop.swift; sourceTree = "<group>"; };
		EC1C510D205621730033237E /* ArrayOBJ.swift */ = {isa = PBXFileReference; lastKnownFileType = sourcecode.swift; path = ArrayOBJ.swift; sourceTree = "<group>"; };
		EC1C510F205623020033237E /* DicOBJ.swift */ = {isa = PBXFileReference; lastKnownFileType = sourcecode.swift; path = DicOBJ.swift; sourceTree = "<group>"; };
		EC1C5111205626600033237E /* SetOBJ.swift */ = {isa = PBXFileReference; lastKnownFileType = sourcecode.swift; path = SetOBJ.swift; sourceTree = "<group>"; };
		EC1C511320562EEB0033237E /* FuncOBJ.swift */ = {isa = PBXFileReference; lastKnownFileType = sourcecode.swift; path = FuncOBJ.swift; sourceTree = "<group>"; };
		EC33990320A3D5940038360A /* hiredis.h */ = {isa = PBXFileReference; fileEncoding = 4; lastKnownFileType = sourcecode.c.h; path = hiredis.h; sourceTree = "<group>"; };
		EC33990420A3D5940038360A /* libhiredis.a */ = {isa = PBXFileReference; lastKnownFileType = archive.ar; path = libhiredis.a; sourceTree = "<group>"; };
		EC33990520A3D5940038360A /* read.h */ = {isa = PBXFileReference; fileEncoding = 4; lastKnownFileType = sourcecode.c.h; path = read.h; sourceTree = "<group>"; };
		EC33990820A3D5940038360A /* sds.h */ = {isa = PBXFileReference; fileEncoding = 4; lastKnownFileType = sourcecode.c.h; path = sds.h; sourceTree = "<group>"; };
		EC33990B20A409E80038360A /* CMakeList.txt */ = {isa = PBXFileReference; fileEncoding = 4; lastKnownFileType = text; path = CMakeList.txt; sourceTree = "<group>"; };
		EC33990C20A409E80038360A /* hiredis_bridge.c */ = {isa = PBXFileReference; fileEncoding = 4; lastKnownFileType = sourcecode.c.c; path = hiredis_bridge.c; sourceTree = "<group>"; };
		EC33990D20A409E80038360A /* hiredis_bridge.h */ = {isa = PBXFileReference; fileEncoding = 4; lastKnownFileType = sourcecode.c.h; path = hiredis_bridge.h; sourceTree = "<group>"; };
		EC5CCC6E20523C9E00AFBD98 /* SwiftBasicMac */ = {isa = PBXFileReference; explicitFileType = "compiled.mach-o.executable"; includeInIndex = 0; path = SwiftBasicMac; sourceTree = BUILT_PRODUCTS_DIR; };
		EC5CCC7120523C9E00AFBD98 /* main.swift */ = {isa = PBXFileReference; lastKnownFileType = sourcecode.swift; path = main.swift; sourceTree = "<group>"; };
		EC5CCC7820523CD200AFBD98 /* Test.swift */ = {isa = PBXFileReference; lastKnownFileType = sourcecode.swift; path = Test.swift; sourceTree = "<group>"; };
		EC5CCC7A20523E4600AFBD98 /* Person.swift */ = {isa = PBXFileReference; lastKnownFileType = sourcecode.swift; path = Person.swift; sourceTree = "<group>"; };
		EC6E1EA720A9684E0061D0DC /* Redis_Handler.swift */ = {isa = PBXFileReference; lastKnownFileType = sourcecode.swift; path = Redis_Handler.swift; sourceTree = "<group>"; };
		EC6E1EA920A968750061D0DC /* Basic_SWF.swift */ = {isa = PBXFileReference; lastKnownFileType = sourcecode.swift; path = Basic_SWF.swift; sourceTree = "<group>"; };
		EC6E1EAB20A969DD0061D0DC /* RunLoop_SWF.swift */ = {isa = PBXFileReference; lastKnownFileType = sourcecode.swift; path = RunLoop_SWF.swift; sourceTree = "<group>"; };
		EC6E1EAD20A96A130061D0DC /* CPointer_SWF.swift */ = {isa = PBXFileReference; lastKnownFileType = sourcecode.swift; path = CPointer_SWF.swift; sourceTree = "<group>"; };
		EC6E1EAF20A96B850061D0DC /* FanXing_SWF.swift */ = {isa = PBXFileReference; lastKnownFileType = sourcecode.swift; path = FanXing_SWF.swift; sourceTree = "<group>"; };
		EC84B06C20A59CCB0047C118 /* Bytes.swift */ = {isa = PBXFileReference; fileEncoding = 4; lastKnownFileType = sourcecode.swift; path = Bytes.swift; sourceTree = "<group>"; };
		EC84B06D20A59CCB0047C118 /* Dir.swift */ = {isa = PBXFileReference; fileEncoding = 4; lastKnownFileType = sourcecode.swift; path = Dir.swift; sourceTree = "<group>"; };
		EC84B06E20A59CCB0047C118 /* File.swift */ = {isa = PBXFileReference; fileEncoding = 4; lastKnownFileType = sourcecode.swift; path = File.swift; sourceTree = "<group>"; };
		EC84B06F20A59CCB0047C118 /* JSONConvertible.swift */ = {isa = PBXFileReference; fileEncoding = 4; lastKnownFileType = sourcecode.swift; path = JSONConvertible.swift; sourceTree = "<group>"; };
		EC84B07020A59CCB0047C118 /* Log.swift */ = {isa = PBXFileReference; fileEncoding = 4; lastKnownFileType = sourcecode.swift; path = Log.swift; sourceTree = "<group>"; };
		EC84B07120A59CCB0047C118 /* PerfectError.swift */ = {isa = PBXFileReference; fileEncoding = 4; lastKnownFileType = sourcecode.swift; path = PerfectError.swift; sourceTree = "<group>"; };
		EC84B07220A59CCB0047C118 /* PerfectServer.swift */ = {isa = PBXFileReference; fileEncoding = 4; lastKnownFileType = sourcecode.swift; path = PerfectServer.swift; sourceTree = "<group>"; };
		EC84B07320A59CCB0047C118 /* SysProcess.swift */ = {isa = PBXFileReference; fileEncoding = 4; lastKnownFileType = sourcecode.swift; path = SysProcess.swift; sourceTree = "<group>"; };
		EC84B07420A59CCB0047C118 /* Utilities.swift */ = {isa = PBXFileReference; fileEncoding = 4; lastKnownFileType = sourcecode.swift; path = Utilities.swift; sourceTree = "<group>"; };
		EC84B07620A59CCB0047C118 /* Net.swift */ = {isa = PBXFileReference; fileEncoding = 4; lastKnownFileType = sourcecode.swift; path = Net.swift; sourceTree = "<group>"; };
		EC84B07720A59CCB0047C118 /* NetAddress.swift */ = {isa = PBXFileReference; fileEncoding = 4; lastKnownFileType = sourcecode.swift; path = NetAddress.swift; sourceTree = "<group>"; };
		EC84B07820A59CCB0047C118 /* NetEvent.swift */ = {isa = PBXFileReference; fileEncoding = 4; lastKnownFileType = sourcecode.swift; path = NetEvent.swift; sourceTree = "<group>"; };
		EC84B07920A59CCB0047C118 /* NetNamedPipe.swift */ = {isa = PBXFileReference; fileEncoding = 4; lastKnownFileType = sourcecode.swift; path = NetNamedPipe.swift; sourceTree = "<group>"; };
		EC84B07A20A59CCB0047C118 /* NetTCP.swift */ = {isa = PBXFileReference; fileEncoding = 4; lastKnownFileType = sourcecode.swift; path = NetTCP.swift; sourceTree = "<group>"; };
		EC84B07C20A59CCB0047C118 /* NetUDP.swift */ = {isa = PBXFileReference; fileEncoding = 4; lastKnownFileType = sourcecode.swift; path = NetUDP.swift; sourceTree = "<group>"; };
		EC84B08620A59CCB0047C118 /* Promise.swift */ = {isa = PBXFileReference; fileEncoding = 4; lastKnownFileType = sourcecode.swift; path = Promise.swift; sourceTree = "<group>"; };
		EC84B08720A59CCB0047C118 /* Threading.swift */ = {isa = PBXFileReference; fileEncoding = 4; lastKnownFileType = sourcecode.swift; path = Threading.swift; sourceTree = "<group>"; };
		EC84B08820A59CCB0047C118 /* ThreadQueue.swift */ = {isa = PBXFileReference; fileEncoding = 4; lastKnownFileType = sourcecode.swift; path = ThreadQueue.swift; sourceTree = "<group>"; };
		ECF3B6BC20A2B34E00DB7571 /* POBJ.swift */ = {isa = PBXFileReference; lastKnownFileType = sourcecode.swift; path = POBJ.swift; sourceTree = "<group>"; };
		ECF3B6BE20A2C31C00DB7571 /* SwiftBasicMac-Bridging-Header.h */ = {isa = PBXFileReference; lastKnownFileType = sourcecode.c.h; path = "SwiftBasicMac-Bridging-Header.h"; sourceTree = "<group>"; };
		ECF3B6BF20A2C31D00DB7571 /* CFramWork.c */ = {isa = PBXFileReference; lastKnownFileType = sourcecode.c.c; path = CFramWork.c; sourceTree = "<group>"; };
		ECF3B6C020A2C31D00DB7571 /* CFramWork.h */ = {isa = PBXFileReference; lastKnownFileType = sourcecode.c.h; path = CFramWork.h; sourceTree = "<group>"; };
		ECF3B6C220A2C34700DB7571 /* OCFramWork.h */ = {isa = PBXFileReference; lastKnownFileType = sourcecode.c.h; path = OCFramWork.h; sourceTree = "<group>"; };
		ECF3B6C320A2C34700DB7571 /* OCFramWork.m */ = {isa = PBXFileReference; lastKnownFileType = sourcecode.c.objc; path = OCFramWork.m; sourceTree = "<group>"; };
		ECF3B6C520A2D4F200DB7571 /* CopyArrayVSDictionary.swift */ = {isa = PBXFileReference; lastKnownFileType = sourcecode.swift; path = CopyArrayVSDictionary.swift; sourceTree = "<group>"; };
		ECF3B6C720A2E1F700DB7571 /* Container.swift */ = {isa = PBXFileReference; lastKnownFileType = sourcecode.swift; path = Container.swift; sourceTree = "<group>"; };
		ECF3B6C920A2E37900DB7571 /* IntStack.swift */ = {isa = PBXFileReference; lastKnownFileType = sourcecode.swift; path = IntStack.swift; sourceTree = "<group>"; };
		ECF3B6CB20A2E59500DB7571 /* Stack.swift */ = {isa = PBXFileReference; lastKnownFileType = sourcecode.swift; path = Stack.swift; sourceTree = "<group>"; };
/* End PBXFileReference section */

/* Begin PBXFrameworksBuildPhase section */
		EC5CCC6B20523C9E00AFBD98 /* Frameworks */ = {
			isa = PBXFrameworksBuildPhase;
			buildActionMask = 2147483647;
			files = (
				EC33990920A3D5950038360A /* libhiredis.a in Frameworks */,
			);
			runOnlyForDeploymentPostprocessing = 0;
		};
/* End PBXFrameworksBuildPhase section */

/* Begin PBXGroup section */
		EC33990220A3D5940038360A /* redis */ = {
			isa = PBXGroup;
			children = (
				EC33990320A3D5940038360A /* hiredis.h */,
				EC33990420A3D5940038360A /* libhiredis.a */,
				EC33990520A3D5940038360A /* read.h */,
				EC33990820A3D5940038360A /* sds.h */,
			);
			path = redis;
			sourceTree = "<group>";
		};
		EC33990A20A409E80038360A /* hiredis_bridge */ = {
			isa = PBXGroup;
			children = (
				EC33990B20A409E80038360A /* CMakeList.txt */,
				EC33990C20A409E80038360A /* hiredis_bridge.c */,
				EC33990D20A409E80038360A /* hiredis_bridge.h */,
			);
			name = hiredis_bridge;
			path = SwiftBasicMac/hiredis_bridge;
			sourceTree = "<group>";
		};
		EC5CCC6520523C9E00AFBD98 = {
			isa = PBXGroup;
			children = (
				EC84B06A20A59CCB0047C118 /* ThirdParty */,
				EC33990A20A409E80038360A /* hiredis_bridge */,
				EC5CCC7020523C9E00AFBD98 /* SwiftBasicMac */,
				EC5CCC6F20523C9E00AFBD98 /* Products */,
			);
			sourceTree = "<group>";
		};
		EC5CCC6F20523C9E00AFBD98 /* Products */ = {
			isa = PBXGroup;
			children = (
				EC5CCC6E20523C9E00AFBD98 /* SwiftBasicMac */,
			);
			name = Products;
			sourceTree = "<group>";
		};
		EC5CCC7020523C9E00AFBD98 /* SwiftBasicMac */ = {
			isa = PBXGroup;
			children = (
				EC33990220A3D5940038360A /* redis */,
				ECF3B6BB20A2B34200DB7571 /* POBJ */,
				EC5CCC7120523C9E00AFBD98 /* main.swift */,
				ECF3B6C720A2E1F700DB7571 /* Container.swift */,
				ECF3B6C920A2E37900DB7571 /* IntStack.swift */,
				ECF3B6CB20A2E59500DB7571 /* Stack.swift */,
				ECF3B6C520A2D4F200DB7571 /* CopyArrayVSDictionary.swift */,
				EC1C511320562EEB0033237E /* FuncOBJ.swift */,
				EC1C5111205626600033237E /* SetOBJ.swift */,
				EC1C510F205623020033237E /* DicOBJ.swift */,
				EC1C510D205621730033237E /* ArrayOBJ.swift */,
				EC1C510B20561EC00033237E /* Loop.swift */,
				EC6E1EA720A9684E0061D0DC /* Redis_Handler.swift */,
				EC6E1EAF20A96B850061D0DC /* FanXing_SWF.swift */,
				EC6E1EAD20A96A130061D0DC /* CPointer_SWF.swift */,
				EC6E1EAB20A969DD0061D0DC /* RunLoop_SWF.swift */,
				EC6E1EA920A968750061D0DC /* Basic_SWF.swift */,
				EC1C5109205614E70033237E /* Guard.swift */,
				EC1C510720560FF50033237E /* OptionalOBJ.swift */,
				EC5CCC7A20523E4600AFBD98 /* Person.swift */,
				EC5CCC7820523CD200AFBD98 /* Test.swift */,
				ECF3B6BF20A2C31D00DB7571 /* CFramWork.c */,
				ECF3B6C020A2C31D00DB7571 /* CFramWork.h */,
				ECF3B6BE20A2C31C00DB7571 /* SwiftBasicMac-Bridging-Header.h */,
				ECF3B6C220A2C34700DB7571 /* OCFramWork.h */,
				ECF3B6C320A2C34700DB7571 /* OCFramWork.m */,
			);
			path = SwiftBasicMac;
			sourceTree = "<group>";
		};
		EC84B06A20A59CCB0047C118 /* ThirdParty */ = {
			isa = PBXGroup;
			children = (
				EC84B06B20A59CCB0047C118 /* JSON */,
				EC84B07520A59CCB0047C118 /* RunLoopEvent */,
				EC84B08520A59CCB0047C118 /* Thread */,
			);
			name = ThirdParty;
			path = SwiftBasicMac/ThirdParty;
			sourceTree = "<group>";
		};
		EC84B06B20A59CCB0047C118 /* JSON */ = {
			isa = PBXGroup;
			children = (
				EC84B06C20A59CCB0047C118 /* Bytes.swift */,
				EC84B06D20A59CCB0047C118 /* Dir.swift */,
				EC84B06E20A59CCB0047C118 /* File.swift */,
				EC84B06F20A59CCB0047C118 /* JSONConvertible.swift */,
				EC84B07020A59CCB0047C118 /* Log.swift */,
				EC84B07120A59CCB0047C118 /* PerfectError.swift */,
				EC84B07220A59CCB0047C118 /* PerfectServer.swift */,
				EC84B07320A59CCB0047C118 /* SysProcess.swift */,
				EC84B07420A59CCB0047C118 /* Utilities.swift */,
			);
			path = JSON;
			sourceTree = "<group>";
		};
		EC84B07520A59CCB0047C118 /* RunLoopEvent */ = {
			isa = PBXGroup;
			children = (
				EC84B07620A59CCB0047C118 /* Net.swift */,
				EC84B07720A59CCB0047C118 /* NetAddress.swift */,
				EC84B07820A59CCB0047C118 /* NetEvent.swift */,
				EC84B07920A59CCB0047C118 /* NetNamedPipe.swift */,
				EC84B07A20A59CCB0047C118 /* NetTCP.swift */,
				EC84B07C20A59CCB0047C118 /* NetUDP.swift */,
			);
			path = RunLoopEvent;
			sourceTree = "<group>";
		};
		EC84B08520A59CCB0047C118 /* Thread */ = {
			isa = PBXGroup;
			children = (
				EC84B08620A59CCB0047C118 /* Promise.swift */,
				EC84B08720A59CCB0047C118 /* Threading.swift */,
				EC84B08820A59CCB0047C118 /* ThreadQueue.swift */,
			);
			path = Thread;
			sourceTree = "<group>";
		};
		ECF3B6BB20A2B34200DB7571 /* POBJ */ = {
			isa = PBXGroup;
			children = (
				ECF3B6BC20A2B34E00DB7571 /* POBJ.swift */,
			);
			path = POBJ;
			sourceTree = "<group>";
		};
/* End PBXGroup section */

/* Begin PBXNativeTarget section */
		EC5CCC6D20523C9E00AFBD98 /* SwiftBasicMac */ = {
			isa = PBXNativeTarget;
			buildConfigurationList = EC5CCC7520523C9E00AFBD98 /* Build configuration list for PBXNativeTarget "SwiftBasicMac" */;
			buildPhases = (
				EC5CCC6A20523C9E00AFBD98 /* Sources */,
				EC5CCC6B20523C9E00AFBD98 /* Frameworks */,
				EC5CCC6C20523C9E00AFBD98 /* CopyFiles */,
			);
			buildRules = (
			);
			dependencies = (
			);
			name = SwiftBasicMac;
			productName = SwiftBasicMac;
			productReference = EC5CCC6E20523C9E00AFBD98 /* SwiftBasicMac */;
			productType = "com.apple.product-type.tool";
		};
/* End PBXNativeTarget section */

/* Begin PBXProject section */
		EC5CCC6620523C9E00AFBD98 /* Project object */ = {
			isa = PBXProject;
			attributes = {
				LastSwiftUpdateCheck = 0920;
				LastUpgradeCheck = 0920;
				ORGANIZATIONNAME = admindyn;
				TargetAttributes = {
					EC5CCC6D20523C9E00AFBD98 = {
						CreatedOnToolsVersion = 9.2;
						LastSwiftMigration = 0920;
						ProvisioningStyle = Automatic;
					};
				};
			};
			buildConfigurationList = EC5CCC6920523C9E00AFBD98 /* Build configuration list for PBXProject "SwiftBasicMac" */;
			compatibilityVersion = "Xcode 8.0";
			developmentRegion = en;
			hasScannedForEncodings = 0;
			knownRegions = (
				en,
			);
			mainGroup = EC5CCC6520523C9E00AFBD98;
			productRefGroup = EC5CCC6F20523C9E00AFBD98 /* Products */;
			projectDirPath = "";
			projectRoot = "";
			targets = (
				EC5CCC6D20523C9E00AFBD98 /* SwiftBasicMac */,
			);
		};
/* End PBXProject section */

/* Begin PBXSourcesBuildPhase section */
		EC5CCC6A20523C9E00AFBD98 /* Sources */ = {
			isa = PBXSourcesBuildPhase;
			buildActionMask = 2147483647;
			files = (
				ECF3B6C120A2C31D00DB7571 /* CFramWork.c in Sources */,
				EC84B08D20A59CCB0047C118 /* Log.swift in Sources */,
				EC84B08920A59CCB0047C118 /* Bytes.swift in Sources */,
				EC5CCC7B20523E4600AFBD98 /* Person.swift in Sources */,
				EC84B08A20A59CCB0047C118 /* Dir.swift in Sources */,
				EC84B09820A59CCB0047C118 /* NetUDP.swift in Sources */,
				EC1C511420562EEB0033237E /* FuncOBJ.swift in Sources */,
				ECF3B6CC20A2E59500DB7571 /* Stack.swift in Sources */,
				EC6E1EAE20A96A130061D0DC /* CPointer_SWF.swift in Sources */,
				EC84B09320A59CCB0047C118 /* NetAddress.swift in Sources */,
				EC84B09420A59CCB0047C118 /* NetEvent.swift in Sources */,
				EC1C510A205614E70033237E /* Guard.swift in Sources */,
				EC84B08E20A59CCB0047C118 /* PerfectError.swift in Sources */,
				EC1C5110205623020033237E /* DicOBJ.swift in Sources */,
				ECF3B6C420A2C34700DB7571 /* OCFramWork.m in Sources */,
				EC1C510E205621730033237E /* ArrayOBJ.swift in Sources */,
				ECF3B6C820A2E1F700DB7571 /* Container.swift in Sources */,
				EC6E1EAC20A969DD0061D0DC /* RunLoop_SWF.swift in Sources */,
				EC6E1EB020A96B850061D0DC /* FanXing_SWF.swift in Sources */,
				ECF3B6BD20A2B34E00DB7571 /* POBJ.swift in Sources */,
				EC1C5112205626600033237E /* SetOBJ.swift in Sources */,
				EC84B0A020A59CCB0047C118 /* Promise.swift in Sources */,
				EC84B09120A59CCB0047C118 /* Utilities.swift in Sources */,
				EC84B08F20A59CCB0047C118 /* PerfectServer.swift in Sources */,
				ECF3B6CA20A2E37900DB7571 /* IntStack.swift in Sources */,
				EC1C510820560FF50033237E /* OptionalOBJ.swift in Sources */,
				EC84B09620A59CCB0047C118 /* NetTCP.swift in Sources */,
				EC84B0A120A59CCB0047C118 /* Threading.swift in Sources */,
				EC84B09520A59CCB0047C118 /* NetNamedPipe.swift in Sources */,
				EC1C510C20561EC00033237E /* Loop.swift in Sources */,
				EC84B08B20A59CCB0047C118 /* File.swift in Sources */,
				ECF3B6C620A2D4F200DB7571 /* CopyArrayVSDictionary.swift in Sources */,
				EC6E1EAA20A968750061D0DC /* Basic_SWF.swift in Sources */,
				EC84B09020A59CCB0047C118 /* SysProcess.swift in Sources */,
				EC6E1EA820A9684E0061D0DC /* Redis_Handler.swift in Sources */,
				EC5CCC7220523C9E00AFBD98 /* main.swift in Sources */,
				EC5CCC7920523CD200AFBD98 /* Test.swift in Sources */,
				EC33990E20A409E80038360A /* hiredis_bridge.c in Sources */,
				EC84B0A220A59CCB0047C118 /* ThreadQueue.swift in Sources */,
				EC84B08C20A59CCB0047C118 /* JSONConvertible.swift in Sources */,
				EC84B09220A59CCB0047C118 /* Net.swift in Sources */,
			);
			runOnlyForDeploymentPostprocessing = 0;
		};
/* End PBXSourcesBuildPhase section */

/* Begin XCBuildConfiguration section */
		EC5CCC7320523C9E00AFBD98 /* Debug */ = {
			isa = XCBuildConfiguration;
			buildSettings = {
				ALWAYS_SEARCH_USER_PATHS = NO;
				CLANG_ANALYZER_NONNULL = YES;
				CLANG_ANALYZER_NUMBER_OBJECT_CONVERSION = YES_AGGRESSIVE;
				CLANG_CXX_LANGUAGE_STANDARD = "gnu++14";
				CLANG_CXX_LIBRARY = "libc++";
				CLANG_ENABLE_MODULES = YES;
				CLANG_ENABLE_OBJC_ARC = YES;
				CLANG_WARN_BLOCK_CAPTURE_AUTORELEASING = YES;
				CLANG_WARN_BOOL_CONVERSION = YES;
				CLANG_WARN_COMMA = YES;
				CLANG_WARN_CONSTANT_CONVERSION = YES;
				CLANG_WARN_DIRECT_OBJC_ISA_USAGE = YES_ERROR;
				CLANG_WARN_DOCUMENTATION_COMMENTS = YES;
				CLANG_WARN_EMPTY_BODY = YES;
				CLANG_WARN_ENUM_CONVERSION = YES;
				CLANG_WARN_INFINITE_RECURSION = YES;
				CLANG_WARN_INT_CONVERSION = YES;
				CLANG_WARN_NON_LITERAL_NULL_CONVERSION = YES;
				CLANG_WARN_OBJC_LITERAL_CONVERSION = YES;
				CLANG_WARN_OBJC_ROOT_CLASS = YES_ERROR;
				CLANG_WARN_RANGE_LOOP_ANALYSIS = YES;
				CLANG_WARN_STRICT_PROTOTYPES = YES;
				CLANG_WARN_SUSPICIOUS_MOVE = YES;
				CLANG_WARN_UNGUARDED_AVAILABILITY = YES_AGGRESSIVE;
				CLANG_WARN_UNREACHABLE_CODE = YES;
				CLANG_WARN__DUPLICATE_METHOD_MATCH = YES;
				CODE_SIGN_IDENTITY = "Mac Developer";
				COPY_PHASE_STRIP = NO;
				DEBUG_INFORMATION_FORMAT = dwarf;
				ENABLE_STRICT_OBJC_MSGSEND = YES;
				ENABLE_TESTABILITY = YES;
				GCC_C_LANGUAGE_STANDARD = gnu11;
				GCC_DYNAMIC_NO_PIC = NO;
				GCC_NO_COMMON_BLOCKS = YES;
				GCC_OPTIMIZATION_LEVEL = 0;
				GCC_PREPROCESSOR_DEFINITIONS = (
					"DEBUG=1",
					"$(inherited)",
				);
				GCC_WARN_64_TO_32_BIT_CONVERSION = YES;
				GCC_WARN_ABOUT_RETURN_TYPE = YES_ERROR;
				GCC_WARN_UNDECLARED_SELECTOR = YES;
				GCC_WARN_UNINITIALIZED_AUTOS = YES_AGGRESSIVE;
				GCC_WARN_UNUSED_FUNCTION = YES;
				GCC_WARN_UNUSED_VARIABLE = YES;
				MACOSX_DEPLOYMENT_TARGET = 10.12;
				MTL_ENABLE_DEBUG_INFO = YES;
				ONLY_ACTIVE_ARCH = YES;
				SDKROOT = macosx;
				SWIFT_ACTIVE_COMPILATION_CONDITIONS = DEBUG;
				SWIFT_OPTIMIZATION_LEVEL = "-Onone";
			};
			name = Debug;
		};
		EC5CCC7420523C9E00AFBD98 /* Release */ = {
			isa = XCBuildConfiguration;
			buildSettings = {
				ALWAYS_SEARCH_USER_PATHS = NO;
				CLANG_ANALYZER_NONNULL = YES;
				CLANG_ANALYZER_NUMBER_OBJECT_CONVERSION = YES_AGGRESSIVE;
				CLANG_CXX_LANGUAGE_STANDARD = "gnu++14";
				CLANG_CXX_LIBRARY = "libc++";
				CLANG_ENABLE_MODULES = YES;
				CLANG_ENABLE_OBJC_ARC = YES;
				CLANG_WARN_BLOCK_CAPTURE_AUTORELEASING = YES;
				CLANG_WARN_BOOL_CONVERSION = YES;
				CLANG_WARN_COMMA = YES;
				CLANG_WARN_CONSTANT_CONVERSION = YES;
				CLANG_WARN_DIRECT_OBJC_ISA_USAGE = YES_ERROR;
				CLANG_WARN_DOCUMENTATION_COMMENTS = YES;
				CLANG_WARN_EMPTY_BODY = YES;
				CLANG_WARN_ENUM_CONVERSION = YES;
				CLANG_WARN_INFINITE_RECURSION = YES;
				CLANG_WARN_INT_CONVERSION = YES;
				CLANG_WARN_NON_LITERAL_NULL_CONVERSION = YES;
				CLANG_WARN_OBJC_LITERAL_CONVERSION = YES;
				CLANG_WARN_OBJC_ROOT_CLASS = YES_ERROR;
				CLANG_WARN_RANGE_LOOP_ANALYSIS = YES;
				CLANG_WARN_STRICT_PROTOTYPES = YES;
				CLANG_WARN_SUSPICIOUS_MOVE = YES;
				CLANG_WARN_UNGUARDED_AVAILABILITY = YES_AGGRESSIVE;
				CLANG_WARN_UNREACHABLE_CODE = YES;
				CLANG_WARN__DUPLICATE_METHOD_MATCH = YES;
				CODE_SIGN_IDENTITY = "Mac Developer";
				COPY_PHASE_STRIP = NO;
				DEBUG_INFORMATION_FORMAT = "dwarf-with-dsym";
				ENABLE_NS_ASSERTIONS = NO;
				ENABLE_STRICT_OBJC_MSGSEND = YES;
				GCC_C_LANGUAGE_STANDARD = gnu11;
				GCC_NO_COMMON_BLOCKS = YES;
				GCC_WARN_64_TO_32_BIT_CONVERSION = YES;
				GCC_WARN_ABOUT_RETURN_TYPE = YES_ERROR;
				GCC_WARN_UNDECLARED_SELECTOR = YES;
				GCC_WARN_UNINITIALIZED_AUTOS = YES_AGGRESSIVE;
				GCC_WARN_UNUSED_FUNCTION = YES;
				GCC_WARN_UNUSED_VARIABLE = YES;
				MACOSX_DEPLOYMENT_TARGET = 10.12;
				MTL_ENABLE_DEBUG_INFO = NO;
				SDKROOT = macosx;
				SWIFT_OPTIMIZATION_LEVEL = "-Owholemodule";
			};
			name = Release;
		};
		EC5CCC7620523C9E00AFBD98 /* Debug */ = {
			isa = XCBuildConfiguration;
			buildSettings = {
				CLANG_ENABLE_MODULES = YES;
				CODE_SIGN_STYLE = Automatic;
				DEVELOPMENT_TEAM = 58W4HKZ65K;
				LD_RUNPATH_SEARCH_PATHS = "$(inherited) @executable_path/../Frameworks @loader_path/../Frameworks";
				LIBRARY_SEARCH_PATHS = (
					"$(inherited)",
					"$(PROJECT_DIR)/SwiftBasicMac/redis",
				);
				PRODUCT_NAME = "$(TARGET_NAME)";
				SWIFT_OBJC_BRIDGING_HEADER = "SwiftBasicMac/SwiftBasicMac-Bridging-Header.h";
				SWIFT_OPTIMIZATION_LEVEL = "-Onone";
				SWIFT_VERSION = 4.0;
			};
			name = Debug;
		};
		EC5CCC7720523C9E00AFBD98 /* Release */ = {
			isa = XCBuildConfiguration;
			buildSettings = {
				CLANG_ENABLE_MODULES = YES;
				CODE_SIGN_STYLE = Automatic;
				DEVELOPMENT_TEAM = 58W4HKZ65K;
				LD_RUNPATH_SEARCH_PATHS = "$(inherited) @executable_path/../Frameworks @loader_path/../Frameworks";
				LIBRARY_SEARCH_PATHS = (
					"$(inherited)",
					"$(PROJECT_DIR)/SwiftBasicMac/redis",
				);
				PRODUCT_NAME = "$(TARGET_NAME)";
				SWIFT_OBJC_BRIDGING_HEADER = "SwiftBasicMac/SwiftBasicMac-Bridging-Header.h";
				SWIFT_VERSION = 4.0;
			};
			name = Release;
		};
/* End XCBuildConfiguration section */

/* Begin XCConfigurationList section */
		EC5CCC6920523C9E00AFBD98 /* Build configuration list for PBXProject "SwiftBasicMac" */ = {
			isa = XCConfigurationList;
			buildConfigurations = (
				EC5CCC7320523C9E00AFBD98 /* Debug */,
				EC5CCC7420523C9E00AFBD98 /* Release */,
			);
			defaultConfigurationIsVisible = 0;
			defaultConfigurationName = Release;
		};
		EC5CCC7520523C9E00AFBD98 /* Build configuration list for PBXNativeTarget "SwiftBasicMac" */ = {
			isa = XCConfigurationList;
			buildConfigurations = (
				EC5CCC7620523C9E00AFBD98 /* Debug */,
				EC5CCC7720523C9E00AFBD98 /* Release */,
			);
			defaultConfigurationIsVisible = 0;
			defaultConfigurationName = Release;
		};
/* End XCConfigurationList section */
	};
	rootObject = EC5CCC6620523C9E00AFBD98 /* Project object */;
}
